{
  "name": "join-deep",
  "version": "1.3.4",
  "lockfileVersion": 3,
  "requires": true,
  "packages": {
    "": {
      "name": "join-deep",
      "version": "1.3.4",
      "license": "MIT",
      "dependencies": {
        "reduce-deep": "*"
      },
      "devDependencies": {
        "@types/mocha": "*",
        "@types/node": "*",
        "lodash.flattendeep": "*"
      },
      "engines": {
        "node": ">=0.8"
      }
    },
    "node_modules/@types/mocha": {
      "version": "10.0.10",
      "resolved": "https://registry.npmjs.org/@types/mocha/-/mocha-10.0.10.tgz",
      "integrity": "sha512-xPyYSz1cMPnJQhl0CLMH68j3gprKZaTjG3s5Vi+fDgx+uhG9NOXwbVt52eFS8ECyXhyKcjDLCBEqBExKuiZb7Q==",
      "dev": true,
      "license": "MIT"
    },
    "node_modules/@types/node": {
      "version": "24.10.0",
      "resolved": "https://registry.npmjs.org/@types/node/-/node-24.10.0.tgz",
      "integrity": "sha512-qzQZRBqkFsYyaSWXuEHc2WR9c0a0CXwiE5FWUvn7ZM+vdy1uZLfCunD38UzhuB7YN/J11ndbDBcTmOdxJo9Q7A==",
      "dev": true,
      "license": "MIT",
      "dependencies": {
        "undici-types": "~7.16.0"
      }
    },
    "node_modules/isflattenable": {
      "version": "1.2.4",
      "resolved": "https://registry.npmjs.org/isflattenable/-/isflattenable-1.2.4.tgz",
      "integrity": "sha512-kQxWyBb7MEGJZNGa694MRlQQ8Flj17cTwz9GeryiKqNPQxkjdmTwuioY5co3cJhQcUCnOyr4BnJVLVFiNVxk2A==",
      "license": "MIT",
      "dependencies": {
        "lodash.isarguments": "*"
      },
      "engines": {
        "node": ">=0.8"
      }
    },
    "node_modules/lodash.flattendeep": {
      "version": "4.4.0",
      "resolved": "https://registry.npmjs.org/lodash.flattendeep/-/lodash.flattendeep-4.4.0.tgz",
      "integrity": "sha512-uHaJFihxmJcEX3kT4I23ABqKKalJ/zDrDg0lsFtc1h+3uw49SIJ5beyhx5ExVRti3AvKoOJngIj7xz3oylPdWQ==",
      "dev": true,
      "license": "MIT"
    },
    "node_modules/lodash.isarguments": {
      "version": "3.1.0",
      "resolved": "https://registry.npmjs.org/lodash.isarguments/-/lodash.isarguments-3.1.0.tgz",
      "integrity": "sha512-chi4NHZlZqZD18a0imDHnZPrDeBbTtVN7GXMwuGdRH9qotxAjYs3aVLKc7zNOG9eddR5Ksd8rvFEBc9SsggPpg==",
      "license": "MIT"
    },
    "node_modules/reduce-deep": {
      "version": "1.4.4",
      "resolved": "https://registry.npmjs.org/reduce-deep/-/reduce-deep-1.4.4.tgz",
      "integrity": "sha512-zpaVyDJ9ht9GS7f6LQZpveTnLwpeRYYO4ZRFwXPBRFZaqSciGtw4xMQ6YTzHeQUzDdBWFSD7upVAgc+Y3agtdQ==",
      "license": "MIT",
      "dependencies": {
        "isflattenable": "*"
      },
      "engines": {
        "node": ">=0.8"
      }
    },
    "node_modules/undici-types": {
      "version": "7.16.0",
      "resolved": "https://registry.npmjs.org/undici-types/-/undici-types-7.16.0.tgz",
      "integrity": "sha512-Zz+aZWSj8LE6zoxD+xrjh4VfkIG8Ya6LvYkZqtUQGJPZjYl53ypCaUwWqo7eI0x66KBGeRo+mlBEkMSeSZ38Nw==",
      "dev": true,
      "license": "MIT"
    }
  }
}
